
Microsoft Visual Studio Solution File, Format Version 11.00
# Visual Studio 2010
Project("{8BC9CEB8-8B4A-11D0-8D11-00A0C91BC942}") = "Finite state matchine", "Finite state matchine\Finite state matchine.vcxproj", "{C09234BC-32A5-4FAC-99AB-454552633351}"
EndProject
Global
	GlobalSection(SolutionConfigurationPlatforms) = preSolution
		Debug|Win32 = Debug|Win32
		Release|Win32 = Release|Win32
	EndGlobalSection
	GlobalSection(ProjectConfigurationPlatforms) = postSolution
		{C09234BC-32A5-4FAC-99AB-454552633351}.Debug|Win32.ActiveCfg = Debug|Win32
		{C09234BC-32A5-4FAC-99AB-454552633351}.Debug|Win32.Build.0 = Debug|Win32
		{C09234BC-32A5-4FAC-99AB-454552633351}.Release|Win32.ActiveCfg = Release|Win32
		{C09234BC-32A5-4FAC-99AB-454552633351}.Release|Win32.Build.0 = Release|Win32
	EndGlobalSection
	GlobalSection(SolutionProperties) = preSolution
		HideSolutionNode = FALSE
	EndGlobalSection
EndGlobal
